
Microsoft Visual Studio Solution File, Format Version 12.00
# Visual Studio Version 17
VisualStudioVersion = 17.14.36109.1
MinimumVisualStudioVersion = 10.0.40219.1
Project("{2150E333-8FDC-42A3-9474-1A3956D46DE8}") = "Services", "Services", "{02EA681E-C7D8-13C7-8484-4AC65E1B71E8}"
EndProject
Project("{FAE04EC0-301F-11D3-BF4B-00C04F79EFBC}") = "AuthService.API", "AuthService.API\AuthService.API.csproj", "{E9293D0B-25ED-4AC9-A1AF-437E6628F25A}"
EndProject
Project("{FAE04EC0-301F-11D3-BF4B-00C04F79EFBC}") = "BasketService.API", "BasketService.API\BasketService.API.csproj", "{6D3F77F8-4053-4815-B5E3-09BBEAB007EF}"
EndProject
Project("{FAE04EC0-301F-11D3-BF4B-00C04F79EFBC}") = "CatalogService.API", "CatalogService.API\CatalogService.API.csproj", "{8997110F-7E70-41E6-A2E5-F88B8BE538EB}"
EndProject
Project("{FAE04EC0-301F-11D3-BF4B-00C04F79EFBC}") = "InventoryService.API", "InventoryService.API\InventoryService.API.csproj", "{4DAA0950-D9E3-4C84-8C33-553D9EB029FB}"
EndProject
Project("{FAE04EC0-301F-11D3-BF4B-00C04F79EFBC}") = "OrderService.API", "OrderService.API\OrderService.API.csproj", "{927798A5-4867-41A7-97EB-C353157B5B7E}"
EndProject
Project("{FAE04EC0-301F-11D3-BF4B-00C04F79EFBC}") = "PaymentService.API", "PaymentService.API\PaymentService.API.csproj", "{F957E480-6C32-43F9-8DD9-97B66631BAB7}"
EndProject
Project("{FAE04EC0-301F-11D3-BF4B-00C04F79EFBC}") = "BuildingBlocks", "BuildingBlocks\BuildingBlocks.csproj", "{38F207FE-7E65-496C-BC5D-80229F0E2D16}"
EndProject
Project("{2150E333-8FDC-42A3-9474-1A3956D46DE8}") = "Tests", "Tests", "{AD1B9D00-7F18-40FC-8643-E04166806348}"
EndProject
Project("{2150E333-8FDC-42A3-9474-1A3956D46DE8}") = "InventoryService.Tests", "InventoryService.Tests", "{B5A7C5EF-4479-4064-A2D4-55564F8B4773}"
EndProject
Project("{2150E333-8FDC-42A3-9474-1A3956D46DE8}") = "InventoryService.Tests.Integration", "InventoryService.Tests.Integration", "{9B98E439-6941-44AC-858E-8DBAFA446D11}"
EndProject
Project("{FAE04EC0-301F-11D3-BF4B-00C04F79EFBC}") = "ReserveStockTests", "ReserveStockTests\ReserveStockTests.csproj", "{E48AA79E-ED75-4BC6-8A6C-C208A4FD4F37}"
EndProject
Project("{2150E333-8FDC-42A3-9474-1A3956D46DE8}") = "InventoryService.Tests.Consumers", "InventoryService.Tests.Consumers", "{05E5B994-3F4A-4C6E-B5BD-50E794B73967}"
EndProject
Project("{FAE04EC0-301F-11D3-BF4B-00C04F79EFBC}") = "ConsumerTests", "OrderCreatedConsumerTests\ConsumerTests.csproj", "{9216E0B0-AE40-4100-AFFD-8AAEFE2EDDB3}"
EndProject
Project("{2150E333-8FDC-42A3-9474-1A3956D46DE8}") = "InventoryService.Tests.Containers", "InventoryService.Tests.Containers", "{AFE2D97B-73F6-4995-BEB2-4B50D5F2CC06}"
EndProject
Project("{FAE04EC0-301F-11D3-BF4B-00C04F79EFBC}") = "InventoryServiceContainersTests", "InventoryServiceContainersTests\InventoryServiceContainersTests.csproj", "{EF1FFCD7-4BA0-4CFA-8FB9-E29E6A69833A}"
EndProject
Project("{FAE04EC0-301F-11D3-BF4B-00C04F79EFBC}") = "OrderService.Tests", "OrderService.Tests\OrderService.Tests.csproj", "{ABB3BD45-75E4-4520-ACCF-C065D53E8985}"
EndProject
Project("{FAE04EC0-301F-11D3-BF4B-00C04F79EFBC}") = "PaymentService.Tests", "PaymentService.Tests\PaymentService.Tests.csproj", "{A4E9F8B0-3990-431C-B2A3-E2D22CFC9C0A}"
EndProject
Project("{2150E333-8FDC-42A3-9474-1A3956D46DE8}") = "Solution Items", "Solution Items", "{8EC462FD-D22E-90A8-E5CE-7E832BA40C5D}"
	ProjectSection(SolutionItems) = preProject
		docker-compose.yml = docker-compose.yml
	EndProjectSection
EndProject
Global
	GlobalSection(SolutionConfigurationPlatforms) = preSolution
		Debug|Any CPU = Debug|Any CPU
		Release|Any CPU = Release|Any CPU
	EndGlobalSection
	GlobalSection(ProjectConfigurationPlatforms) = postSolution
		{E9293D0B-25ED-4AC9-A1AF-437E6628F25A}.Debug|Any CPU.ActiveCfg = Debug|Any CPU
		{E9293D0B-25ED-4AC9-A1AF-437E6628F25A}.Debug|Any CPU.Build.0 = Debug|Any CPU
		{E9293D0B-25ED-4AC9-A1AF-437E6628F25A}.Release|Any CPU.ActiveCfg = Release|Any CPU
		{E9293D0B-25ED-4AC9-A1AF-437E6628F25A}.Release|Any CPU.Build.0 = Release|Any CPU
		{6D3F77F8-4053-4815-B5E3-09BBEAB007EF}.Debug|Any CPU.ActiveCfg = Debug|Any CPU
		{6D3F77F8-4053-4815-B5E3-09BBEAB007EF}.Debug|Any CPU.Build.0 = Debug|Any CPU
		{6D3F77F8-4053-4815-B5E3-09BBEAB007EF}.Release|Any CPU.ActiveCfg = Release|Any CPU
		{6D3F77F8-4053-4815-B5E3-09BBEAB007EF}.Release|Any CPU.Build.0 = Release|Any CPU
		{8997110F-7E70-41E6-A2E5-F88B8BE538EB}.Debug|Any CPU.ActiveCfg = Debug|Any CPU
		{8997110F-7E70-41E6-A2E5-F88B8BE538EB}.Debug|Any CPU.Build.0 = Debug|Any CPU
		{8997110F-7E70-41E6-A2E5-F88B8BE538EB}.Release|Any CPU.ActiveCfg = Release|Any CPU
		{8997110F-7E70-41E6-A2E5-F88B8BE538EB}.Release|Any CPU.Build.0 = Release|Any CPU
		{4DAA0950-D9E3-4C84-8C33-553D9EB029FB}.Debug|Any CPU.ActiveCfg = Debug|Any CPU
		{4DAA0950-D9E3-4C84-8C33-553D9EB029FB}.Debug|Any CPU.Build.0 = Debug|Any CPU
		{4DAA0950-D9E3-4C84-8C33-553D9EB029FB}.Release|Any CPU.ActiveCfg = Release|Any CPU
		{4DAA0950-D9E3-4C84-8C33-553D9EB029FB}.Release|Any CPU.Build.0 = Release|Any CPU
		{927798A5-4867-41A7-97EB-C353157B5B7E}.Debug|Any CPU.ActiveCfg = Debug|Any CPU
		{927798A5-4867-41A7-97EB-C353157B5B7E}.Debug|Any CPU.Build.0 = Debug|Any CPU
		{927798A5-4867-41A7-97EB-C353157B5B7E}.Release|Any CPU.ActiveCfg = Release|Any CPU
		{927798A5-4867-41A7-97EB-C353157B5B7E}.Release|Any CPU.Build.0 = Release|Any CPU
		{F957E480-6C32-43F9-8DD9-97B66631BAB7}.Debug|Any CPU.ActiveCfg = Debug|Any CPU
		{F957E480-6C32-43F9-8DD9-97B66631BAB7}.Debug|Any CPU.Build.0 = Debug|Any CPU
		{F957E480-6C32-43F9-8DD9-97B66631BAB7}.Release|Any CPU.ActiveCfg = Release|Any CPU
		{F957E480-6C32-43F9-8DD9-97B66631BAB7}.Release|Any CPU.Build.0 = Release|Any CPU
		{38F207FE-7E65-496C-BC5D-80229F0E2D16}.Debug|Any CPU.ActiveCfg = Debug|Any CPU
		{38F207FE-7E65-496C-BC5D-80229F0E2D16}.Debug|Any CPU.Build.0 = Debug|Any CPU
		{38F207FE-7E65-496C-BC5D-80229F0E2D16}.Release|Any CPU.ActiveCfg = Release|Any CPU
		{38F207FE-7E65-496C-BC5D-80229F0E2D16}.Release|Any CPU.Build.0 = Release|Any CPU
		{E48AA79E-ED75-4BC6-8A6C-C208A4FD4F37}.Debug|Any CPU.ActiveCfg = Debug|Any CPU
		{E48AA79E-ED75-4BC6-8A6C-C208A4FD4F37}.Debug|Any CPU.Build.0 = Debug|Any CPU
		{E48AA79E-ED75-4BC6-8A6C-C208A4FD4F37}.Release|Any CPU.ActiveCfg = Release|Any CPU
		{E48AA79E-ED75-4BC6-8A6C-C208A4FD4F37}.Release|Any CPU.Build.0 = Release|Any CPU
		{9216E0B0-AE40-4100-AFFD-8AAEFE2EDDB3}.Debug|Any CPU.ActiveCfg = Debug|Any CPU
		{9216E0B0-AE40-4100-AFFD-8AAEFE2EDDB3}.Debug|Any CPU.Build.0 = Debug|Any CPU
		{9216E0B0-AE40-4100-AFFD-8AAEFE2EDDB3}.Release|Any CPU.ActiveCfg = Release|Any CPU
		{9216E0B0-AE40-4100-AFFD-8AAEFE2EDDB3}.Release|Any CPU.Build.0 = Release|Any CPU
		{EF1FFCD7-4BA0-4CFA-8FB9-E29E6A69833A}.Debug|Any CPU.ActiveCfg = Debug|Any CPU
		{EF1FFCD7-4BA0-4CFA-8FB9-E29E6A69833A}.Debug|Any CPU.Build.0 = Debug|Any CPU
		{EF1FFCD7-4BA0-4CFA-8FB9-E29E6A69833A}.Release|Any CPU.ActiveCfg = Release|Any CPU
		{EF1FFCD7-4BA0-4CFA-8FB9-E29E6A69833A}.Release|Any CPU.Build.0 = Release|Any CPU
		{ABB3BD45-75E4-4520-ACCF-C065D53E8985}.Debug|Any CPU.ActiveCfg = Debug|Any CPU
		{ABB3BD45-75E4-4520-ACCF-C065D53E8985}.Debug|Any CPU.Build.0 = Debug|Any CPU
		{ABB3BD45-75E4-4520-ACCF-C065D53E8985}.Release|Any CPU.ActiveCfg = Release|Any CPU
		{ABB3BD45-75E4-4520-ACCF-C065D53E8985}.Release|Any CPU.Build.0 = Release|Any CPU
		{A4E9F8B0-3990-431C-B2A3-E2D22CFC9C0A}.Debug|Any CPU.ActiveCfg = Debug|Any CPU
		{A4E9F8B0-3990-431C-B2A3-E2D22CFC9C0A}.Debug|Any CPU.Build.0 = Debug|Any CPU
		{A4E9F8B0-3990-431C-B2A3-E2D22CFC9C0A}.Release|Any CPU.ActiveCfg = Release|Any CPU
		{A4E9F8B0-3990-431C-B2A3-E2D22CFC9C0A}.Release|Any CPU.Build.0 = Release|Any CPU
	EndGlobalSection
	GlobalSection(SolutionProperties) = preSolution
		HideSolutionNode = FALSE
	EndGlobalSection
	GlobalSection(NestedProjects) = preSolution
		{E9293D0B-25ED-4AC9-A1AF-437E6628F25A} = {02EA681E-C7D8-13C7-8484-4AC65E1B71E8}
		{6D3F77F8-4053-4815-B5E3-09BBEAB007EF} = {02EA681E-C7D8-13C7-8484-4AC65E1B71E8}
		{8997110F-7E70-41E6-A2E5-F88B8BE538EB} = {02EA681E-C7D8-13C7-8484-4AC65E1B71E8}
		{4DAA0950-D9E3-4C84-8C33-553D9EB029FB} = {02EA681E-C7D8-13C7-8484-4AC65E1B71E8}
		{927798A5-4867-41A7-97EB-C353157B5B7E} = {02EA681E-C7D8-13C7-8484-4AC65E1B71E8}
		{F957E480-6C32-43F9-8DD9-97B66631BAB7} = {02EA681E-C7D8-13C7-8484-4AC65E1B71E8}
		{B5A7C5EF-4479-4064-A2D4-55564F8B4773} = {AD1B9D00-7F18-40FC-8643-E04166806348}
		{9B98E439-6941-44AC-858E-8DBAFA446D11} = {B5A7C5EF-4479-4064-A2D4-55564F8B4773}
		{E48AA79E-ED75-4BC6-8A6C-C208A4FD4F37} = {9B98E439-6941-44AC-858E-8DBAFA446D11}
		{05E5B994-3F4A-4C6E-B5BD-50E794B73967} = {B5A7C5EF-4479-4064-A2D4-55564F8B4773}
		{9216E0B0-AE40-4100-AFFD-8AAEFE2EDDB3} = {05E5B994-3F4A-4C6E-B5BD-50E794B73967}
		{AFE2D97B-73F6-4995-BEB2-4B50D5F2CC06} = {B5A7C5EF-4479-4064-A2D4-55564F8B4773}
		{EF1FFCD7-4BA0-4CFA-8FB9-E29E6A69833A} = {AFE2D97B-73F6-4995-BEB2-4B50D5F2CC06}
		{ABB3BD45-75E4-4520-ACCF-C065D53E8985} = {AD1B9D00-7F18-40FC-8643-E04166806348}
		{A4E9F8B0-3990-431C-B2A3-E2D22CFC9C0A} = {AD1B9D00-7F18-40FC-8643-E04166806348}
	EndGlobalSection
	GlobalSection(ExtensibilityGlobals) = postSolution
		SolutionGuid = {13B2DD7A-9654-4128-A2FC-7FB5E8C657C2}
	EndGlobalSection
EndGlobal
